github.com/mattn/go-runewidth v0.0.9 h1:Lm995f3rfxdpd6TSmuVCHVb/QhupuXlYr8sCI/QdE+0=
github.com/mattn/go-runewidth v0.0.9/go.mod h1:H031xJmbD/WCDINGzjvQ9THkh0rPKHF+m2gUSrubnMI=
github.com/nsf/termbox-go v1.1.1 h1:nksUPLCb73Q++DwbYUBEglYBRPZyoXJdrj5L+TkjyZY=
github.com/nsf/termbox-go v1.1.1/go.mod h1:T0cTdVuOwf7pHQNtfhnEbzHbcNyCEcVU4YPpouCbVxo=
github.com/taylorskalyo/goreader v0.0.0-20220528130152-945e7448ceb5 h1:dW3HLfusjJuR5/7MCKKcBKzTmRjZnEAEO8AVrHIqqC8=
github.com/taylorskalyo/goreader v0.0.0-20220528130152-945e7448ceb5/go.mod h1:06vTtAxpkyCBMlqDyYuvHgeQec6ne7NWXIEgJNhq2Ks=
golang.org/x/net v0.5.0 h1:GyT4nK/YDHSqa1c4753ouYCDajOYKTja9Xb/OHtgvSw=
golang.org/x/net v0.5.0/go.mod h1:DivGGAXEgPSlEBzxGzZI+ZLohi+xUj054jfeKui00ws=
